
Microsoft Visual Studio Solution File, Format Version 12.00
# Visual Studio 2012
Project("{FAE04EC0-301F-11D3-BF4B-00C04F79EFBC}") = "TestFlightCore", "TestFlightCore\TestFlightCore.csproj", "{CD4D0CF1-16A8-4FB9-A7CC-6566160B8CD2}"
EndProject
Global
	GlobalSection(SolutionConfigurationPlatforms) = preSolution
		Debug|Any CPU = Debug|Any CPU
		Release|Any CPU = Release|Any CPU
	EndGlobalSection
	GlobalSection(ProjectConfigurationPlatforms) = postSolution
		{CD4D0CF1-16A8-4FB9-A7CC-6566160B8CD2}.Debug|Any CPU.ActiveCfg = Debug|Any CPU
		{CD4D0CF1-16A8-4FB9-A7CC-6566160B8CD2}.Debug|Any CPU.Build.0 = Debug|Any CPU
		{CD4D0CF1-16A8-4FB9-A7CC-6566160B8CD2}.Release|Any CPU.ActiveCfg = Release|Any CPU
		{CD4D0CF1-16A8-4FB9-A7CC-6566160B8CD2}.Release|Any CPU.Build.0 = Release|Any CPU
	EndGlobalSection
	GlobalSection(MonoDevelopProperties) = preSolution
		StartupItem = TestFlightCore\TestFlightCore.csproj
	EndGlobalSection
EndGlobal
